
Microsoft Visual Studio Solution File, Format Version 12.00
# Visual Studio Version 16
VisualStudioVersion = 16.0.31702.278
MinimumVisualStudioVersion = 10.0.40219.1
Project("{FAE04EC0-301F-11D3-BF4B-00C04F79EFBC}") = "JoJaeMoon_DotNetNote", "JoJaeMoon_DotNetNote\JoJaeMoon_DotNetNote.csproj", "{2DA89751-6A82-48C6-A6A3-5A486A5BF578}"
EndProject
Global
	GlobalSection(SolutionConfigurationPlatforms) = preSolution
		Debug|Any CPU = Debug|Any CPU
		Release|Any CPU = Release|Any CPU
	EndGlobalSection
	GlobalSection(ProjectConfigurationPlatforms) = postSolution
		{2DA89751-6A82-48C6-A6A3-5A486A5BF578}.Debug|Any CPU.ActiveCfg = Debug|Any CPU
		{2DA89751-6A82-48C6-A6A3-5A486A5BF578}.Debug|Any CPU.Build.0 = Debug|Any CPU
		{2DA89751-6A82-48C6-A6A3-5A486A5BF578}.Release|Any CPU.ActiveCfg = Release|Any CPU
		{2DA89751-6A82-48C6-A6A3-5A486A5BF578}.Release|Any CPU.Build.0 = Release|Any CPU
	EndGlobalSection
	GlobalSection(SolutionProperties) = preSolution
		HideSolutionNode = FALSE
	EndGlobalSection
	GlobalSection(ExtensibilityGlobals) = postSolution
		SolutionGuid = {23AF5128-3AF3-4B88-AF2A-C0B9AD30FF82}
	EndGlobalSection
EndGlobal
