
Microsoft Visual Studio Solution File, Format Version 12.00
# Visual Studio Version 16
VisualStudioVersion = 16.0.31702.278
MinimumVisualStudioVersion = 10.0.40219.1
Project("{FAE04EC0-301F-11D3-BF4B-00C04F79EFBC}") = "SponsorApp", "SponsorApp\SponsorApp.csproj", "{A8E67292-E445-44CE-A74E-EEC957D20E40}"
EndProject
Global
	GlobalSection(SolutionConfigurationPlatforms) = preSolution
		Debug|Any CPU = Debug|Any CPU
		Release|Any CPU = Release|Any CPU
	EndGlobalSection
	GlobalSection(ProjectConfigurationPlatforms) = postSolution
		{A8E67292-E445-44CE-A74E-EEC957D20E40}.Debug|Any CPU.ActiveCfg = Debug|Any CPU
		{A8E67292-E445-44CE-A74E-EEC957D20E40}.Debug|Any CPU.Build.0 = Debug|Any CPU
		{A8E67292-E445-44CE-A74E-EEC957D20E40}.Release|Any CPU.ActiveCfg = Release|Any CPU
		{A8E67292-E445-44CE-A74E-EEC957D20E40}.Release|Any CPU.Build.0 = Release|Any CPU
	EndGlobalSection
	GlobalSection(SolutionProperties) = preSolution
		HideSolutionNode = FALSE
	EndGlobalSection
	GlobalSection(ExtensibilityGlobals) = postSolution
		SolutionGuid = {888DFF23-7115-45CA-B809-88976BED19B0}
	EndGlobalSection
EndGlobal
