
Microsoft Visual Studio Solution File, Format Version 12.00
# Visual Studio Version 16
VisualStudioVersion = 16.0.31702.278
MinimumVisualStudioVersion = 10.0.40219.1
Project("{FAE04EC0-301F-11D3-BF4B-00C04F79EFBC}") = "DotNetNoteCore", "DotNetNoteCore\DotNetNoteCore.csproj", "{D69A2470-054E-4DB9-9851-0E28C880A36E}"
EndProject
Global
	GlobalSection(SolutionConfigurationPlatforms) = preSolution
		Debug|Any CPU = Debug|Any CPU
		Release|Any CPU = Release|Any CPU
	EndGlobalSection
	GlobalSection(ProjectConfigurationPlatforms) = postSolution
		{D69A2470-054E-4DB9-9851-0E28C880A36E}.Debug|Any CPU.ActiveCfg = Debug|Any CPU
		{D69A2470-054E-4DB9-9851-0E28C880A36E}.Debug|Any CPU.Build.0 = Debug|Any CPU
		{D69A2470-054E-4DB9-9851-0E28C880A36E}.Release|Any CPU.ActiveCfg = Release|Any CPU
		{D69A2470-054E-4DB9-9851-0E28C880A36E}.Release|Any CPU.Build.0 = Release|Any CPU
	EndGlobalSection
	GlobalSection(SolutionProperties) = preSolution
		HideSolutionNode = FALSE
	EndGlobalSection
	GlobalSection(ExtensibilityGlobals) = postSolution
		SolutionGuid = {E23A9496-1ABD-48D4-8511-BDE496167A38}
	EndGlobalSection
EndGlobal
